
Microsoft Visual Studio Solution File, Format Version 12.00
# Visual Studio 15
VisualStudioVersion = 15.0.28307.1758
MinimumVisualStudioVersion = 10.0.40219.1
Project("{9A19103F-16F7-4668-BE54-9A1E7A4F7556}") = "BenefitCalculator", "BenefitCalculator\BenefitCalculator.csproj", "{C42A8682-0844-4B9E-B214-17DCDE4ED1F1}"
EndProject
Project("{FAE04EC0-301F-11D3-BF4B-00C04F79EFBC}") = "DeductionCalc", "DeductionCalc\DeductionCalc.csproj", "{C861985F-E66B-4594-B2E4-6C305E1C59FA}"
EndProject
Project("{9A19103F-16F7-4668-BE54-9A1E7A4F7556}") = "ConsoleApp3", "ConsoleApp3\ConsoleApp3.csproj", "{43F57ADA-0774-4AC4-848F-0F05546AA113}"
EndProject
Global
	GlobalSection(SolutionConfigurationPlatforms) = preSolution
		Debug|Any CPU = Debug|Any CPU
		Release|Any CPU = Release|Any CPU
	EndGlobalSection
	GlobalSection(ProjectConfigurationPlatforms) = postSolution
		{C42A8682-0844-4B9E-B214-17DCDE4ED1F1}.Debug|Any CPU.ActiveCfg = Debug|Any CPU
		{C42A8682-0844-4B9E-B214-17DCDE4ED1F1}.Debug|Any CPU.Build.0 = Debug|Any CPU
		{C42A8682-0844-4B9E-B214-17DCDE4ED1F1}.Release|Any CPU.ActiveCfg = Release|Any CPU
		{C42A8682-0844-4B9E-B214-17DCDE4ED1F1}.Release|Any CPU.Build.0 = Release|Any CPU
		{C861985F-E66B-4594-B2E4-6C305E1C59FA}.Debug|Any CPU.ActiveCfg = Debug|Any CPU
		{C861985F-E66B-4594-B2E4-6C305E1C59FA}.Debug|Any CPU.Build.0 = Debug|Any CPU
		{C861985F-E66B-4594-B2E4-6C305E1C59FA}.Release|Any CPU.ActiveCfg = Release|Any CPU
		{C861985F-E66B-4594-B2E4-6C305E1C59FA}.Release|Any CPU.Build.0 = Release|Any CPU
		{43F57ADA-0774-4AC4-848F-0F05546AA113}.Debug|Any CPU.ActiveCfg = Debug|Any CPU
		{43F57ADA-0774-4AC4-848F-0F05546AA113}.Debug|Any CPU.Build.0 = Debug|Any CPU
		{43F57ADA-0774-4AC4-848F-0F05546AA113}.Release|Any CPU.ActiveCfg = Release|Any CPU
		{43F57ADA-0774-4AC4-848F-0F05546AA113}.Release|Any CPU.Build.0 = Release|Any CPU
	EndGlobalSection
	GlobalSection(SolutionProperties) = preSolution
		HideSolutionNode = FALSE
	EndGlobalSection
	GlobalSection(ExtensibilityGlobals) = postSolution
		SolutionGuid = {0456E84E-1A5B-4235-A213-D505320CC68E}
	EndGlobalSection
EndGlobal
